
Microsoft Visual Studio Solution File, Format Version 12.00
# Visual Studio Version 16
VisualStudioVersion = 16.0.29201.188
MinimumVisualStudioVersion = 10.0.40219.1
Project("{9A19103F-16F7-4668-BE54-9A1E7A4F7556}") = "TheRiceMill.Presentation", "TheRiceMill\TheRiceMill.Presentation.csproj", "{FBBF9D92-BAE9-4831-A0B8-E2F3B36EA361}"
EndProject
Project("{2150E333-8FDC-42A3-9474-1A3956D46DE8}") = "Tests", "Tests", "{10F4ED59-440E-48A0-8010-04E3AC1A36CF}"
EndProject
Project("{2150E333-8FDC-42A3-9474-1A3956D46DE8}") = "Src", "Src", "{0850CACB-F20B-4A05-B032-5281A03F9A52}"
EndProject
Project("{2150E333-8FDC-42A3-9474-1A3956D46DE8}") = "Docs", "Docs", "{D6D0A363-49F9-48BC-A002-AE6E138C8DE1}"
EndProject
Project("{2150E333-8FDC-42A3-9474-1A3956D46DE8}") = "Core", "Core", "{6FB3099A-0C1D-4CB5-840C-C776B0EC96AA}"
EndProject
Project("{2150E333-8FDC-42A3-9474-1A3956D46DE8}") = "Common", "Common", "{66573230-D630-471B-B950-15D1612DDB42}"
EndProject
Project("{2150E333-8FDC-42A3-9474-1A3956D46DE8}") = "Infrastructure", "Infrastructure", "{244CCFA2-3CAD-47BF-A195-F88384195693}"
EndProject
Project("{2150E333-8FDC-42A3-9474-1A3956D46DE8}") = "Presentation", "Presentation", "{1B855A20-217E-4529-BC78-7CFC8B1D07BF}"
EndProject
Project("{9A19103F-16F7-4668-BE54-9A1E7A4F7556}") = "TheRiceMill.Common", "TheRiceMill.Common\TheRiceMill.Common.csproj", "{142DA39A-43C4-4DB0-BFF1-26622E8FA50A}"
EndProject
Project("{9A19103F-16F7-4668-BE54-9A1E7A4F7556}") = "TheRiceMill.Domain", "TheRiceMill.Domain\TheRiceMill.Domain.csproj", "{CFF327E0-EC63-45E2-98DF-A8A4E14B8940}"
EndProject
Project("{9A19103F-16F7-4668-BE54-9A1E7A4F7556}") = "TheRiceMill.Application", "TheRiceMill.Application\TheRiceMill.Application.csproj", "{C3053C67-95BB-401E-BDFB-05A184A5E383}"
EndProject
Project("{9A19103F-16F7-4668-BE54-9A1E7A4F7556}") = "TheRiceMill.Infrastructure", "TheRiceMill.Infrastructure\TheRiceMill.Infrastructure.csproj", "{58A56848-909E-4959-B86E-0239F364C571}"
EndProject
Project("{9A19103F-16F7-4668-BE54-9A1E7A4F7556}") = "TheRiceMill.Persistence", "TheRiceMill.Persistence\TheRiceMill.Persistence.csproj", "{6EDC6851-6453-43F0-85D8-981476C5653D}"
EndProject
Project("{9A19103F-16F7-4668-BE54-9A1E7A4F7556}") = "TheRiceMill.Application.Tests", "TheRiceMill.Application.Test\TheRiceMill.Application.Tests.csproj", "{5586ACC2-AC7B-4600-9BEE-F908C080F028}"
EndProject
Global
	GlobalSection(SolutionConfigurationPlatforms) = preSolution
		Debug|Any CPU = Debug|Any CPU
		Release|Any CPU = Release|Any CPU
	EndGlobalSection
	GlobalSection(ProjectConfigurationPlatforms) = postSolution
		{FBBF9D92-BAE9-4831-A0B8-E2F3B36EA361}.Debug|Any CPU.ActiveCfg = Debug|Any CPU
		{FBBF9D92-BAE9-4831-A0B8-E2F3B36EA361}.Debug|Any CPU.Build.0 = Debug|Any CPU
		{FBBF9D92-BAE9-4831-A0B8-E2F3B36EA361}.Release|Any CPU.ActiveCfg = Release|Any CPU
		{FBBF9D92-BAE9-4831-A0B8-E2F3B36EA361}.Release|Any CPU.Build.0 = Release|Any CPU
		{142DA39A-43C4-4DB0-BFF1-26622E8FA50A}.Debug|Any CPU.ActiveCfg = Debug|Any CPU
		{142DA39A-43C4-4DB0-BFF1-26622E8FA50A}.Debug|Any CPU.Build.0 = Debug|Any CPU
		{142DA39A-43C4-4DB0-BFF1-26622E8FA50A}.Release|Any CPU.ActiveCfg = Release|Any CPU
		{142DA39A-43C4-4DB0-BFF1-26622E8FA50A}.Release|Any CPU.Build.0 = Release|Any CPU
		{CFF327E0-EC63-45E2-98DF-A8A4E14B8940}.Debug|Any CPU.ActiveCfg = Debug|Any CPU
		{CFF327E0-EC63-45E2-98DF-A8A4E14B8940}.Debug|Any CPU.Build.0 = Debug|Any CPU
		{CFF327E0-EC63-45E2-98DF-A8A4E14B8940}.Release|Any CPU.ActiveCfg = Release|Any CPU
		{CFF327E0-EC63-45E2-98DF-A8A4E14B8940}.Release|Any CPU.Build.0 = Release|Any CPU
		{C3053C67-95BB-401E-BDFB-05A184A5E383}.Debug|Any CPU.ActiveCfg = Debug|Any CPU
		{C3053C67-95BB-401E-BDFB-05A184A5E383}.Debug|Any CPU.Build.0 = Debug|Any CPU
		{C3053C67-95BB-401E-BDFB-05A184A5E383}.Release|Any CPU.ActiveCfg = Release|Any CPU
		{C3053C67-95BB-401E-BDFB-05A184A5E383}.Release|Any CPU.Build.0 = Release|Any CPU
		{58A56848-909E-4959-B86E-0239F364C571}.Debug|Any CPU.ActiveCfg = Debug|Any CPU
		{58A56848-909E-4959-B86E-0239F364C571}.Debug|Any CPU.Build.0 = Debug|Any CPU
		{58A56848-909E-4959-B86E-0239F364C571}.Release|Any CPU.ActiveCfg = Release|Any CPU
		{58A56848-909E-4959-B86E-0239F364C571}.Release|Any CPU.Build.0 = Release|Any CPU
		{6EDC6851-6453-43F0-85D8-981476C5653D}.Debug|Any CPU.ActiveCfg = Debug|Any CPU
		{6EDC6851-6453-43F0-85D8-981476C5653D}.Debug|Any CPU.Build.0 = Debug|Any CPU
		{6EDC6851-6453-43F0-85D8-981476C5653D}.Release|Any CPU.ActiveCfg = Release|Any CPU
		{6EDC6851-6453-43F0-85D8-981476C5653D}.Release|Any CPU.Build.0 = Release|Any CPU
		{5586ACC2-AC7B-4600-9BEE-F908C080F028}.Debug|Any CPU.ActiveCfg = Debug|Any CPU
		{5586ACC2-AC7B-4600-9BEE-F908C080F028}.Debug|Any CPU.Build.0 = Debug|Any CPU
		{5586ACC2-AC7B-4600-9BEE-F908C080F028}.Release|Any CPU.ActiveCfg = Release|Any CPU
		{5586ACC2-AC7B-4600-9BEE-F908C080F028}.Release|Any CPU.Build.0 = Release|Any CPU
	EndGlobalSection
	GlobalSection(SolutionProperties) = preSolution
		HideSolutionNode = FALSE
	EndGlobalSection
	GlobalSection(NestedProjects) = preSolution
		{FBBF9D92-BAE9-4831-A0B8-E2F3B36EA361} = {1B855A20-217E-4529-BC78-7CFC8B1D07BF}
		{6FB3099A-0C1D-4CB5-840C-C776B0EC96AA} = {0850CACB-F20B-4A05-B032-5281A03F9A52}
		{66573230-D630-471B-B950-15D1612DDB42} = {0850CACB-F20B-4A05-B032-5281A03F9A52}
		{244CCFA2-3CAD-47BF-A195-F88384195693} = {0850CACB-F20B-4A05-B032-5281A03F9A52}
		{1B855A20-217E-4529-BC78-7CFC8B1D07BF} = {0850CACB-F20B-4A05-B032-5281A03F9A52}
		{142DA39A-43C4-4DB0-BFF1-26622E8FA50A} = {66573230-D630-471B-B950-15D1612DDB42}
		{CFF327E0-EC63-45E2-98DF-A8A4E14B8940} = {6FB3099A-0C1D-4CB5-840C-C776B0EC96AA}
		{C3053C67-95BB-401E-BDFB-05A184A5E383} = {6FB3099A-0C1D-4CB5-840C-C776B0EC96AA}
		{58A56848-909E-4959-B86E-0239F364C571} = {244CCFA2-3CAD-47BF-A195-F88384195693}
		{6EDC6851-6453-43F0-85D8-981476C5653D} = {244CCFA2-3CAD-47BF-A195-F88384195693}
		{5586ACC2-AC7B-4600-9BEE-F908C080F028} = {10F4ED59-440E-48A0-8010-04E3AC1A36CF}
	EndGlobalSection
	GlobalSection(ExtensibilityGlobals) = postSolution
		SolutionGuid = {D2B6B098-75F5-4CE5-BE70-67D7E1EB78DA}
	EndGlobalSection
EndGlobal
